
Microsoft Visual Studio Solution File, Format Version 12.00
# Visual Studio Version 17
VisualStudioVersion = 17.9.34728.123
MinimumVisualStudioVersion = 10.0.40219.1
Project("{FAE04EC0-301F-11D3-BF4B-00C04F79EFBC}") = "OptomoMedicalDevice", "OptomoMedicalDevice.csproj", "{30324B8A-A29D-4F07-B851-7B12D78F1832}"
EndProject
Global
	GlobalSection(SolutionConfigurationPlatforms) = preSolution
		Debug|Any CPU = Debug|Any CPU
		Release|Any CPU = Release|Any CPU
	EndGlobalSection
	GlobalSection(ProjectConfigurationPlatforms) = postSolution
		{30324B8A-A29D-4F07-B851-7B12D78F1832}.Debug|Any CPU.ActiveCfg = Debug|Any CPU
		{30324B8A-A29D-4F07-B851-7B12D78F1832}.Debug|Any CPU.Build.0 = Debug|Any CPU
		{30324B8A-A29D-4F07-B851-7B12D78F1832}.Release|Any CPU.ActiveCfg = Release|Any CPU
		{30324B8A-A29D-4F07-B851-7B12D78F1832}.Release|Any CPU.Build.0 = Release|Any CPU
	EndGlobalSection
	GlobalSection(SolutionProperties) = preSolution
		HideSolutionNode = FALSE
	EndGlobalSection
	GlobalSection(ExtensibilityGlobals) = postSolution
		SolutionGuid = {BE2C27E1-56EA-47C2-BFA9-26F2532E32F8}
	EndGlobalSection
EndGlobal
